<?xml version="1.0" encoding="utf-8"?>
<Project ToolsVersion="17.0" xmlns="http://schemas.microsoft.com/developer/msbuild/2003">
  <ItemGroup>
    <ClCompile Include="C:\Users\Alex\Desktop\Development\SDL Projects\CoinCollector\src\main.cpp">
      <Filter>Source Files</Filter>
    </ClCompile>
    <ClCompile Include="C:\Users\Alex\Desktop\Development\SDL Projects\CoinCollector\src\Game.cpp">
      <Filter>Source Files</Filter>
    </ClCompile>
    <ClCompile Include="C:\Users\Alex\Desktop\Development\SDL Projects\CoinCollector\src\Object.cpp">
      <Filter>Source Files</Filter>
    </ClCompile>
    <ClCompile Include="C:\Users\Alex\Desktop\Development\SDL Projects\CoinCollector\src\Texture.cpp">
      <Filter>Source Files</Filter>
    </ClCompile>
    <ClCompile Include="C:\Users\Alex\Desktop\Development\SDL Projects\CoinCollector\src\Player.cpp">
      <Filter>Source Files</Filter>
    </ClCompile>
    <ClCompile Include="C:\Users\Alex\Desktop\Development\SDL Projects\CoinCollector\src\Camera.cpp">
      <Filter>Source Files</Filter>
    </ClCompile>
  </ItemGroup>
  <ItemGroup>
    <ClInclude Include="C:\Users\Alex\Desktop\Development\SDL Projects\CoinCollector\src\Physics.h">
      <Filter>Header Files</Filter>
    </ClInclude>
    <ClInclude Include="C:\Users\Alex\Desktop\Development\SDL Projects\CoinCollector\src\Constants.h">
      <Filter>Header Files</Filter>
    </ClInclude>
    <ClInclude Include="C:\Users\Alex\Desktop\Development\SDL Projects\CoinCollector\src\Game.h">
      <Filter>Header Files</Filter>
    </ClInclude>
    <ClInclude Include="C:\Users\Alex\Desktop\Development\SDL Projects\CoinCollector\src\Object.h">
      <Filter>Header Files</Filter>
    </ClInclude>
    <ClInclude Include="C:\Users\Alex\Desktop\Development\SDL Projects\CoinCollector\src\Texture.h">
      <Filter>Header Files</Filter>
    </ClInclude>
    <ClInclude Include="C:\Users\Alex\Desktop\Development\SDL Projects\CoinCollector\src\Player.h">
      <Filter>Header Files</Filter>
    </ClInclude>
    <ClInclude Include="C:\Users\Alex\Desktop\Development\SDL Projects\CoinCollector\src\Camera.h">
      <Filter>Header Files</Filter>
    </ClInclude>
  </ItemGroup>
  <ItemGroup>
    <CustomBuild Include="C:\Users\Alex\Desktop\Development\SDL Projects\CoinCollector\CMakeLists.txt" />
  </ItemGroup>
  <ItemGroup>
    <Filter Include="Header Files">
      <UniqueIdentifier>{61D37FEA-F84E-35CA-8EDC-C89EA0016AB1}</UniqueIdentifier>
    </Filter>
    <Filter Include="Source Files">
      <UniqueIdentifier>{EA07291A-2B1E-3E51-AD64-4FE3C81C3D11}</UniqueIdentifier>
    </Filter>
  </ItemGroup>
</Project>
